<?xml version="1.0" encoding="utf-8"?>
<Project ToolsVersion="4.0" xmlns="http://schemas.microsoft.com/developer/msbuild/2003">
  <ItemGroup>
    <Filter Include="Source">
      <UniqueIdentifier>{4FC737F1-C7A5-4376-A066-2A32D752A2FF}</UniqueIdentifier>
      <Extensions>cpp;c;cc;cxx;c++;cppm;ixx;def;odl;idl;hpj;bat;asm;asmx</Extensions>
    </Filter>
    <Filter Include="Assets">
      <UniqueIdentifier>{7d2ce0eb-c054-4fe8-a9fe-1efa54b53c25}</UniqueIdentifier>
    </Filter>
    <Filter Include="Assets\Shaders">
      <UniqueIdentifier>{a6c3ac82-48db-40b5-a503-b5334270acd6}</UniqueIdentifier>
    </Filter>
    <Filter Include="Assets\Materials">
      <UniqueIdentifier>{ea13affa-f15d-48d3-87d5-8cc126f1de95}</UniqueIdentifier>
    </Filter>
    <Filter Include="Assets\scene">
      <UniqueIdentifier>{8eed8343-eef2-494f-a3f2-45c76e12567d}</UniqueIdentifier>
    </Filter>
  </ItemGroup>
  <ItemGroup>
    <ClCompile Include="Main.cpp">
      <Filter>Source</Filter>
    </ClCompile>
    <ClCompile Include="ApplicationPCH.cpp">
      <Filter>Source</Filter>
    </ClCompile>
  </ItemGroup>
  <ItemGroup>
    <ClInclude Include="ApplicationPCH.h">
      <Filter>Source</Filter>
    </ClInclude>
  </ItemGroup>
  <ItemGroup>
    <None Include="..\..\Build\Assets\shaders\basic.frag">
      <Filter>Assets\Shaders</Filter>
    </None>
    <None Include="..\..\Build\Assets\shaders\basic.vert">
      <Filter>Assets\Shaders</Filter>
    </None>
    <None Include="..\..\Build\Assets\shaders\basic.lit.vert">
      <Filter>Assets\Shaders</Filter>
    </None>
    <None Include="..\..\Build\Assets\shaders\basic.lit.frag">
      <Filter>Assets\Shaders</Filter>
    </None>
    <None Include="..\..\Build\Assets\shaders\basic_lit.prog">
      <Filter>Assets\Shaders</Filter>
    </None>
    <None Include="..\..\Build\Assets\materials\spot.mat">
      <Filter>Assets\Materials</Filter>
    </None>
    <None Include="..\..\Build\Assets\shaders\lit_phong.frag">
      <Filter>Assets\Shaders</Filter>
    </None>
    <None Include="..\..\Build\Assets\shaders\lit_phong.vert">
      <Filter>Assets\Shaders</Filter>
    </None>
    <None Include="..\..\Build\Assets\shaders\lit_phong.prog">
      <Filter>Assets\Shaders</Filter>
    </None>
    <None Include="..\..\Build\Assets\scenes\scene01.json">
      <Filter>Assets\scene</Filter>
    </None>
    <None Include="..\..\Build\Assets\materials\Halloween.mat">
      <Filter>Assets\Materials</Filter>
    </None>
    <None Include="..\..\Build\Assets\scenes\scene02.json">
      <Filter>Assets\scene</Filter>
    </None>
    <None Include="..\..\Build\Assets\materials\create.mat">
      <Filter>Assets\Materials</Filter>
    </None>
    <None Include="..\..\Build\Assets\materials\skybox.mat">
      <Filter>Assets\Materials</Filter>
    </None>
    <None Include="..\..\Build\Assets\shaders\skybox.prog">
      <Filter>Assets\Shaders</Filter>
    </None>
    <None Include="..\..\Build\Assets\shaders\cubemap.frag">
      <Filter>Assets\Shaders</Filter>
    </None>
    <None Include="..\..\Build\Assets\shaders\skybox.vert">
      <Filter>Assets\Shaders</Filter>
    </None>
    <None Include="..\..\Build\Assets\shaders\refraction.vert">
      <Filter>Assets\Shaders</Filter>
    </None>
    <None Include="..\..\Build\Assets\shaders\reflection.frag">
      <Filter>Assets\Shaders</Filter>
    </None>
    <None Include="..\..\Build\Assets\shaders\refraction.frag">
      <Filter>Assets\Shaders</Filter>
    </None>
    <None Include="..\..\Build\Assets\shaders\reflection.vert">
      <Filter>Assets\Shaders</Filter>
    </None>
    <None Include="..\..\Build\Assets\materials\reflection.mat">
      <Filter>Assets\Materials</Filter>
    </None>
    <None Include="..\..\Build\Assets\materials\refraction.mat">
      <Filter>Assets\Materials</Filter>
    </None>
    <None Include="..\..\Build\Assets\shaders\reflection.prog">
      <Filter>Assets\Shaders</Filter>
    </None>
    <None Include="..\..\Build\Assets\shaders\refraction.prog">
      <Filter>Assets\Shaders</Filter>
    </None>
    <None Include="..\..\Build\Assets\materials\can.mat">
      <Filter>Assets\Materials</Filter>
    </None>
    <None Include="..\..\Build\Assets\materials\tower.mat">
      <Filter>Assets\Materials</Filter>
    </None>
    <None Include="..\..\Build\Assets\materials\ogre.mat">
      <Filter>Assets\Materials</Filter>
    </None>
    <None Include="..\..\Build\Assets\materials\squirrel.mat">
      <Filter>Assets\Materials</Filter>
    </None>
    <None Include="..\..\Build\Assets\materials\rtt.mat">
      <Filter>Assets\Materials</Filter>
    </None>
    <None Include="..\..\Build\Assets\shaders\unlit.prog">
      <Filter>Assets\Shaders</Filter>
    </None>
    <None Include="..\..\Build\Assets\shaders\unlit.vert">
      <Filter>Assets\Shaders</Filter>
    </None>
    <None Include="..\..\Build\Assets\shaders\unlit.frag">
      <Filter>Assets\Shaders</Filter>
    </None>
    <None Include="..\..\Build\Assets\shaders\postprocess.frag">
      <Filter>Assets\Shaders</Filter>
    </None>
    <None Include="..\..\Build\Assets\shaders\postprocess.prog">
      <Filter>Assets\Shaders</Filter>
    </None>
    <None Include="..\..\Build\Assets\shaders\postprocess.vert">
      <Filter>Assets\Shaders</Filter>
    </None>
    <None Include="..\..\Build\Assets\materials\postprocess.mat">
      <Filter>Assets\Materials</Filter>
    </None>
    <None Include="..\..\Build\Assets\scenes\scene03.json">
      <Filter>Assets\scene</Filter>
    </None>
    <None Include="..\..\Build\Assets\materials\rocks.mat">
      <Filter>Assets\Materials</Filter>
    </None>
    <None Include="..\..\Build\Assets\shaders\depth.prog">
      <Filter>Assets\Shaders</Filter>
    </None>
    <None Include="..\..\Build\Assets\shaders\depth.vert">
      <Filter>Assets\Shaders</Filter>
    </None>
    <None Include="..\..\Build\Assets\shaders\depth.frag">
      <Filter>Assets\Shaders</Filter>
    </None>
    <None Include="..\..\Build\Assets\materials\shadow.mat">
      <Filter>Assets\Materials</Filter>
    </None>
  </ItemGroup>
</Project>